
Microsoft Visual Studio Solution File, Format Version 12.00
# Visual Studio 15
VisualStudioVersion = 15.0.28307.136
MinimumVisualStudioVersion = 10.0.40219.1
Project("{FAE04EC0-301F-11D3-BF4B-00C04F79EFBC}") = "WSDatabase", "WSDatabase\WSDatabase.csproj", "{F61277C9-E674-43ED-82A1-3FDABC989883}"
EndProject
Project("{FAE04EC0-301F-11D3-BF4B-00C04F79EFBC}") = "EpsiLibrary2019", "EpsiLibrary2019\EpsiLibrary2019.csproj", "{EB1D19D5-C3F4-46C5-AA5F-4AC3EE2616DC}"
EndProject
Project("{FAE04EC0-301F-11D3-BF4B-00C04F79EFBC}") = "UnitTestWebService", "UnitTestWebService\UnitTestWebService.csproj", "{43FA7FAA-FEF1-400B-A795-47CF5B13C6EF}"
EndProject
Global
	GlobalSection(SolutionConfigurationPlatforms) = preSolution
		Debug|Any CPU = Debug|Any CPU
		Release|Any CPU = Release|Any CPU
	EndGlobalSection
	GlobalSection(ProjectConfigurationPlatforms) = postSolution
		{F61277C9-E674-43ED-82A1-3FDABC989883}.Debug|Any CPU.ActiveCfg = Debug|Any CPU
		{F61277C9-E674-43ED-82A1-3FDABC989883}.Debug|Any CPU.Build.0 = Debug|Any CPU
		{F61277C9-E674-43ED-82A1-3FDABC989883}.Release|Any CPU.ActiveCfg = Release|Any CPU
		{F61277C9-E674-43ED-82A1-3FDABC989883}.Release|Any CPU.Build.0 = Release|Any CPU
		{EB1D19D5-C3F4-46C5-AA5F-4AC3EE2616DC}.Debug|Any CPU.ActiveCfg = Debug|Any CPU
		{EB1D19D5-C3F4-46C5-AA5F-4AC3EE2616DC}.Debug|Any CPU.Build.0 = Debug|Any CPU
		{EB1D19D5-C3F4-46C5-AA5F-4AC3EE2616DC}.Release|Any CPU.ActiveCfg = Release|Any CPU
		{EB1D19D5-C3F4-46C5-AA5F-4AC3EE2616DC}.Release|Any CPU.Build.0 = Release|Any CPU
		{43FA7FAA-FEF1-400B-A795-47CF5B13C6EF}.Debug|Any CPU.ActiveCfg = Debug|Any CPU
		{43FA7FAA-FEF1-400B-A795-47CF5B13C6EF}.Debug|Any CPU.Build.0 = Debug|Any CPU
		{43FA7FAA-FEF1-400B-A795-47CF5B13C6EF}.Release|Any CPU.ActiveCfg = Release|Any CPU
		{43FA7FAA-FEF1-400B-A795-47CF5B13C6EF}.Release|Any CPU.Build.0 = Release|Any CPU
	EndGlobalSection
	GlobalSection(SolutionProperties) = preSolution
		HideSolutionNode = FALSE
	EndGlobalSection
	GlobalSection(ExtensibilityGlobals) = postSolution
		SolutionGuid = {B25EFAD8-467E-45B5-BA46-471E58038308}
	EndGlobalSection
EndGlobal
